
Microsoft Visual Studio Solution File, Format Version 12.00
# Visual Studio Version 17
VisualStudioVersion = 17.7.34031.279
MinimumVisualStudioVersion = 10.0.40219.1
Project("{9A19103F-16F7-4668-BE54-9A1E7A4F7556}") = "UnitTestApi", "UnitTestApi\UnitTestApi.csproj", "{900DFF7E-3DFE-465F-88B0-F75DFFDEDCF7}"
EndProject
Project("{FAE04EC0-301F-11D3-BF4B-00C04F79EFBC}") = "ProductTest", "ProductTest\ProductTest.csproj", "{4E7DFD80-7101-4896-827A-28A823822246}"
EndProject
Global
	GlobalSection(SolutionConfigurationPlatforms) = preSolution
		Debug|Any CPU = Debug|Any CPU
		Release|Any CPU = Release|Any CPU
	EndGlobalSection
	GlobalSection(ProjectConfigurationPlatforms) = postSolution
		{900DFF7E-3DFE-465F-88B0-F75DFFDEDCF7}.Debug|Any CPU.ActiveCfg = Debug|Any CPU
		{900DFF7E-3DFE-465F-88B0-F75DFFDEDCF7}.Debug|Any CPU.Build.0 = Debug|Any CPU
		{900DFF7E-3DFE-465F-88B0-F75DFFDEDCF7}.Release|Any CPU.ActiveCfg = Release|Any CPU
		{900DFF7E-3DFE-465F-88B0-F75DFFDEDCF7}.Release|Any CPU.Build.0 = Release|Any CPU
		{4E7DFD80-7101-4896-827A-28A823822246}.Debug|Any CPU.ActiveCfg = Debug|Any CPU
		{4E7DFD80-7101-4896-827A-28A823822246}.Debug|Any CPU.Build.0 = Debug|Any CPU
		{4E7DFD80-7101-4896-827A-28A823822246}.Release|Any CPU.ActiveCfg = Release|Any CPU
		{4E7DFD80-7101-4896-827A-28A823822246}.Release|Any CPU.Build.0 = Release|Any CPU
	EndGlobalSection
	GlobalSection(SolutionProperties) = preSolution
		HideSolutionNode = FALSE
	EndGlobalSection
	GlobalSection(ExtensibilityGlobals) = postSolution
		SolutionGuid = {B5FC79BA-689B-4DB8-A221-E1FBB7030B03}
	EndGlobalSection
EndGlobal
